
Microsoft Visual Studio Solution File, Format Version 12.00
# Visual Studio Version 16
VisualStudioVersion = 16.0.31112.23
MinimumVisualStudioVersion = 10.0.40219.1
Project("{8BC9CEB8-8B4A-11D0-8D11-00A0C91BC942}") = "PiBorgSharp.LibNativeI2C", "src\PiBorgSharp.LibNativeI2C\LibNativeI2C.vcxproj", "{5C9B0284-5921-40FF-9D73-CFDD7F547B46}"
EndProject
Project("{9A19103F-16F7-4668-BE54-9A1E7A4F7556}") = "PiBorgSharp.ThunderBorg", "src\PiBorgSharp.ThunderBorg\PiBorgSharp.ThunderBorg.csproj", "{69E4FE76-B727-40D1-97FD-3CAEBDEA45D6}"
	ProjectSection(ProjectDependencies) = postProject
		{5C9B0284-5921-40FF-9D73-CFDD7F547B46} = {5C9B0284-5921-40FF-9D73-CFDD7F547B46}
		{40A466AC-801B-4A79-BEBD-651936D61621} = {40A466AC-801B-4A79-BEBD-651936D61621}
	EndProjectSection
EndProject
Project("{9A19103F-16F7-4668-BE54-9A1E7A4F7556}") = "PiBorgSharp.Diabolo", "src\PiBorgSharp.Diabolo\PiBorgSharp.Diabolo.csproj", "{7CEC5493-A05F-4220-8906-79AC1DC17E92}"
	ProjectSection(ProjectDependencies) = postProject
		{5C9B0284-5921-40FF-9D73-CFDD7F547B46} = {5C9B0284-5921-40FF-9D73-CFDD7F547B46}
		{40A466AC-801B-4A79-BEBD-651936D61621} = {40A466AC-801B-4A79-BEBD-651936D61621}
	EndProjectSection
EndProject
Project("{9A19103F-16F7-4668-BE54-9A1E7A4F7556}") = "PiBorgSharp", "src\PiBorgSharp\PiBorgSharp.csproj", "{40A466AC-801B-4A79-BEBD-651936D61621}"
	ProjectSection(ProjectDependencies) = postProject
		{5C9B0284-5921-40FF-9D73-CFDD7F547B46} = {5C9B0284-5921-40FF-9D73-CFDD7F547B46}
	EndProjectSection
EndProject
Project("{FAE04EC0-301F-11D3-BF4B-00C04F79EFBC}") = "PiBorgSharp.TroPi", "src\PiBorgSharp.TroPi\PiBorgSharp.TroPi.csproj", "{3B09DBED-C64D-44BF-A5A4-4B74C2376495}"
	ProjectSection(ProjectDependencies) = postProject
		{40A466AC-801B-4A79-BEBD-651936D61621} = {40A466AC-801B-4A79-BEBD-651936D61621}
	EndProjectSection
EndProject
Global
	GlobalSection(SolutionConfigurationPlatforms) = preSolution
		Debug|Any CPU = Debug|Any CPU
		Debug|ARM = Debug|ARM
		Debug|ARM64 = Debug|ARM64
		Debug|x64 = Debug|x64
		Debug|x86 = Debug|x86
		Release|Any CPU = Release|Any CPU
		Release|ARM = Release|ARM
		Release|ARM64 = Release|ARM64
		Release|x64 = Release|x64
		Release|x86 = Release|x86
	EndGlobalSection
	GlobalSection(ProjectConfigurationPlatforms) = postSolution
		{5C9B0284-5921-40FF-9D73-CFDD7F547B46}.Debug|Any CPU.ActiveCfg = Debug|x86
		{5C9B0284-5921-40FF-9D73-CFDD7F547B46}.Debug|ARM.ActiveCfg = Debug|ARM
		{5C9B0284-5921-40FF-9D73-CFDD7F547B46}.Debug|ARM.Build.0 = Debug|ARM
		{5C9B0284-5921-40FF-9D73-CFDD7F547B46}.Debug|ARM.Deploy.0 = Debug|ARM
		{5C9B0284-5921-40FF-9D73-CFDD7F547B46}.Debug|ARM64.ActiveCfg = Debug|ARM64
		{5C9B0284-5921-40FF-9D73-CFDD7F547B46}.Debug|ARM64.Build.0 = Debug|ARM64
		{5C9B0284-5921-40FF-9D73-CFDD7F547B46}.Debug|ARM64.Deploy.0 = Debug|ARM64
		{5C9B0284-5921-40FF-9D73-CFDD7F547B46}.Debug|x64.ActiveCfg = Debug|x64
		{5C9B0284-5921-40FF-9D73-CFDD7F547B46}.Debug|x64.Build.0 = Debug|x64
		{5C9B0284-5921-40FF-9D73-CFDD7F547B46}.Debug|x64.Deploy.0 = Debug|x64
		{5C9B0284-5921-40FF-9D73-CFDD7F547B46}.Debug|x86.ActiveCfg = Debug|x86
		{5C9B0284-5921-40FF-9D73-CFDD7F547B46}.Debug|x86.Build.0 = Debug|x86
		{5C9B0284-5921-40FF-9D73-CFDD7F547B46}.Debug|x86.Deploy.0 = Debug|x86
		{5C9B0284-5921-40FF-9D73-CFDD7F547B46}.Release|Any CPU.ActiveCfg = Release|x86
		{5C9B0284-5921-40FF-9D73-CFDD7F547B46}.Release|ARM.ActiveCfg = Release|ARM
		{5C9B0284-5921-40FF-9D73-CFDD7F547B46}.Release|ARM.Build.0 = Release|ARM
		{5C9B0284-5921-40FF-9D73-CFDD7F547B46}.Release|ARM.Deploy.0 = Release|ARM
		{5C9B0284-5921-40FF-9D73-CFDD7F547B46}.Release|ARM64.ActiveCfg = Release|ARM64
		{5C9B0284-5921-40FF-9D73-CFDD7F547B46}.Release|ARM64.Build.0 = Release|ARM64
		{5C9B0284-5921-40FF-9D73-CFDD7F547B46}.Release|ARM64.Deploy.0 = Release|ARM64
		{5C9B0284-5921-40FF-9D73-CFDD7F547B46}.Release|x64.ActiveCfg = Release|x64
		{5C9B0284-5921-40FF-9D73-CFDD7F547B46}.Release|x64.Build.0 = Release|x64
		{5C9B0284-5921-40FF-9D73-CFDD7F547B46}.Release|x64.Deploy.0 = Release|x64
		{5C9B0284-5921-40FF-9D73-CFDD7F547B46}.Release|x86.ActiveCfg = Release|x86
		{5C9B0284-5921-40FF-9D73-CFDD7F547B46}.Release|x86.Build.0 = Release|x86
		{5C9B0284-5921-40FF-9D73-CFDD7F547B46}.Release|x86.Deploy.0 = Release|x86
		{69E4FE76-B727-40D1-97FD-3CAEBDEA45D6}.Debug|Any CPU.ActiveCfg = Debug|Any CPU
		{69E4FE76-B727-40D1-97FD-3CAEBDEA45D6}.Debug|Any CPU.Build.0 = Debug|Any CPU
		{69E4FE76-B727-40D1-97FD-3CAEBDEA45D6}.Debug|ARM.ActiveCfg = Debug|Any CPU
		{69E4FE76-B727-40D1-97FD-3CAEBDEA45D6}.Debug|ARM.Build.0 = Debug|Any CPU
		{69E4FE76-B727-40D1-97FD-3CAEBDEA45D6}.Debug|ARM64.ActiveCfg = Debug|Any CPU
		{69E4FE76-B727-40D1-97FD-3CAEBDEA45D6}.Debug|ARM64.Build.0 = Debug|Any CPU
		{69E4FE76-B727-40D1-97FD-3CAEBDEA45D6}.Debug|x64.ActiveCfg = Debug|Any CPU
		{69E4FE76-B727-40D1-97FD-3CAEBDEA45D6}.Debug|x64.Build.0 = Debug|Any CPU
		{69E4FE76-B727-40D1-97FD-3CAEBDEA45D6}.Debug|x86.ActiveCfg = Debug|Any CPU
		{69E4FE76-B727-40D1-97FD-3CAEBDEA45D6}.Debug|x86.Build.0 = Debug|Any CPU
		{69E4FE76-B727-40D1-97FD-3CAEBDEA45D6}.Release|Any CPU.ActiveCfg = Release|Any CPU
		{69E4FE76-B727-40D1-97FD-3CAEBDEA45D6}.Release|Any CPU.Build.0 = Release|Any CPU
		{69E4FE76-B727-40D1-97FD-3CAEBDEA45D6}.Release|ARM.ActiveCfg = Release|Any CPU
		{69E4FE76-B727-40D1-97FD-3CAEBDEA45D6}.Release|ARM.Build.0 = Release|Any CPU
		{69E4FE76-B727-40D1-97FD-3CAEBDEA45D6}.Release|ARM64.ActiveCfg = Release|Any CPU
		{69E4FE76-B727-40D1-97FD-3CAEBDEA45D6}.Release|ARM64.Build.0 = Release|Any CPU
		{69E4FE76-B727-40D1-97FD-3CAEBDEA45D6}.Release|x64.ActiveCfg = Release|Any CPU
		{69E4FE76-B727-40D1-97FD-3CAEBDEA45D6}.Release|x64.Build.0 = Release|Any CPU
		{69E4FE76-B727-40D1-97FD-3CAEBDEA45D6}.Release|x86.ActiveCfg = Release|Any CPU
		{69E4FE76-B727-40D1-97FD-3CAEBDEA45D6}.Release|x86.Build.0 = Release|Any CPU
		{7CEC5493-A05F-4220-8906-79AC1DC17E92}.Debug|Any CPU.ActiveCfg = Debug|Any CPU
		{7CEC5493-A05F-4220-8906-79AC1DC17E92}.Debug|Any CPU.Build.0 = Debug|Any CPU
		{7CEC5493-A05F-4220-8906-79AC1DC17E92}.Debug|ARM.ActiveCfg = Debug|Any CPU
		{7CEC5493-A05F-4220-8906-79AC1DC17E92}.Debug|ARM.Build.0 = Debug|Any CPU
		{7CEC5493-A05F-4220-8906-79AC1DC17E92}.Debug|ARM64.ActiveCfg = Debug|Any CPU
		{7CEC5493-A05F-4220-8906-79AC1DC17E92}.Debug|ARM64.Build.0 = Debug|Any CPU
		{7CEC5493-A05F-4220-8906-79AC1DC17E92}.Debug|x64.ActiveCfg = Debug|Any CPU
		{7CEC5493-A05F-4220-8906-79AC1DC17E92}.Debug|x64.Build.0 = Debug|Any CPU
		{7CEC5493-A05F-4220-8906-79AC1DC17E92}.Debug|x86.ActiveCfg = Debug|Any CPU
		{7CEC5493-A05F-4220-8906-79AC1DC17E92}.Debug|x86.Build.0 = Debug|Any CPU
		{7CEC5493-A05F-4220-8906-79AC1DC17E92}.Release|Any CPU.ActiveCfg = Release|Any CPU
		{7CEC5493-A05F-4220-8906-79AC1DC17E92}.Release|Any CPU.Build.0 = Release|Any CPU
		{7CEC5493-A05F-4220-8906-79AC1DC17E92}.Release|ARM.ActiveCfg = Release|Any CPU
		{7CEC5493-A05F-4220-8906-79AC1DC17E92}.Release|ARM.Build.0 = Release|Any CPU
		{7CEC5493-A05F-4220-8906-79AC1DC17E92}.Release|ARM64.ActiveCfg = Release|Any CPU
		{7CEC5493-A05F-4220-8906-79AC1DC17E92}.Release|ARM64.Build.0 = Release|Any CPU
		{7CEC5493-A05F-4220-8906-79AC1DC17E92}.Release|x64.ActiveCfg = Release|Any CPU
		{7CEC5493-A05F-4220-8906-79AC1DC17E92}.Release|x64.Build.0 = Release|Any CPU
		{7CEC5493-A05F-4220-8906-79AC1DC17E92}.Release|x86.ActiveCfg = Release|Any CPU
		{7CEC5493-A05F-4220-8906-79AC1DC17E92}.Release|x86.Build.0 = Release|Any CPU
		{40A466AC-801B-4A79-BEBD-651936D61621}.Debug|Any CPU.ActiveCfg = Debug|Any CPU
		{40A466AC-801B-4A79-BEBD-651936D61621}.Debug|Any CPU.Build.0 = Debug|Any CPU
		{40A466AC-801B-4A79-BEBD-651936D61621}.Debug|ARM.ActiveCfg = Debug|Any CPU
		{40A466AC-801B-4A79-BEBD-651936D61621}.Debug|ARM.Build.0 = Debug|Any CPU
		{40A466AC-801B-4A79-BEBD-651936D61621}.Debug|ARM64.ActiveCfg = Debug|Any CPU
		{40A466AC-801B-4A79-BEBD-651936D61621}.Debug|ARM64.Build.0 = Debug|Any CPU
		{40A466AC-801B-4A79-BEBD-651936D61621}.Debug|x64.ActiveCfg = Debug|Any CPU
		{40A466AC-801B-4A79-BEBD-651936D61621}.Debug|x64.Build.0 = Debug|Any CPU
		{40A466AC-801B-4A79-BEBD-651936D61621}.Debug|x86.ActiveCfg = Debug|Any CPU
		{40A466AC-801B-4A79-BEBD-651936D61621}.Debug|x86.Build.0 = Debug|Any CPU
		{40A466AC-801B-4A79-BEBD-651936D61621}.Release|Any CPU.ActiveCfg = Release|Any CPU
		{40A466AC-801B-4A79-BEBD-651936D61621}.Release|Any CPU.Build.0 = Release|Any CPU
		{40A466AC-801B-4A79-BEBD-651936D61621}.Release|ARM.ActiveCfg = Release|Any CPU
		{40A466AC-801B-4A79-BEBD-651936D61621}.Release|ARM.Build.0 = Release|Any CPU
		{40A466AC-801B-4A79-BEBD-651936D61621}.Release|ARM64.ActiveCfg = Release|Any CPU
		{40A466AC-801B-4A79-BEBD-651936D61621}.Release|ARM64.Build.0 = Release|Any CPU
		{40A466AC-801B-4A79-BEBD-651936D61621}.Release|x64.ActiveCfg = Release|Any CPU
		{40A466AC-801B-4A79-BEBD-651936D61621}.Release|x64.Build.0 = Release|Any CPU
		{40A466AC-801B-4A79-BEBD-651936D61621}.Release|x86.ActiveCfg = Release|Any CPU
		{40A466AC-801B-4A79-BEBD-651936D61621}.Release|x86.Build.0 = Release|Any CPU
		{3B09DBED-C64D-44BF-A5A4-4B74C2376495}.Debug|Any CPU.ActiveCfg = Debug|Any CPU
		{3B09DBED-C64D-44BF-A5A4-4B74C2376495}.Debug|Any CPU.Build.0 = Debug|Any CPU
		{3B09DBED-C64D-44BF-A5A4-4B74C2376495}.Debug|ARM.ActiveCfg = Debug|Any CPU
		{3B09DBED-C64D-44BF-A5A4-4B74C2376495}.Debug|ARM.Build.0 = Debug|Any CPU
		{3B09DBED-C64D-44BF-A5A4-4B74C2376495}.Debug|ARM64.ActiveCfg = Debug|Any CPU
		{3B09DBED-C64D-44BF-A5A4-4B74C2376495}.Debug|ARM64.Build.0 = Debug|Any CPU
		{3B09DBED-C64D-44BF-A5A4-4B74C2376495}.Debug|x64.ActiveCfg = Debug|Any CPU
		{3B09DBED-C64D-44BF-A5A4-4B74C2376495}.Debug|x64.Build.0 = Debug|Any CPU
		{3B09DBED-C64D-44BF-A5A4-4B74C2376495}.Debug|x86.ActiveCfg = Debug|Any CPU
		{3B09DBED-C64D-44BF-A5A4-4B74C2376495}.Debug|x86.Build.0 = Debug|Any CPU
		{3B09DBED-C64D-44BF-A5A4-4B74C2376495}.Release|Any CPU.ActiveCfg = Release|Any CPU
		{3B09DBED-C64D-44BF-A5A4-4B74C2376495}.Release|Any CPU.Build.0 = Release|Any CPU
		{3B09DBED-C64D-44BF-A5A4-4B74C2376495}.Release|ARM.ActiveCfg = Release|Any CPU
		{3B09DBED-C64D-44BF-A5A4-4B74C2376495}.Release|ARM.Build.0 = Release|Any CPU
		{3B09DBED-C64D-44BF-A5A4-4B74C2376495}.Release|ARM64.ActiveCfg = Release|Any CPU
		{3B09DBED-C64D-44BF-A5A4-4B74C2376495}.Release|ARM64.Build.0 = Release|Any CPU
		{3B09DBED-C64D-44BF-A5A4-4B74C2376495}.Release|x64.ActiveCfg = Release|Any CPU
		{3B09DBED-C64D-44BF-A5A4-4B74C2376495}.Release|x64.Build.0 = Release|Any CPU
		{3B09DBED-C64D-44BF-A5A4-4B74C2376495}.Release|x86.ActiveCfg = Release|Any CPU
		{3B09DBED-C64D-44BF-A5A4-4B74C2376495}.Release|x86.Build.0 = Release|Any CPU
	EndGlobalSection
	GlobalSection(SolutionProperties) = preSolution
		HideSolutionNode = FALSE
	EndGlobalSection
	GlobalSection(ExtensibilityGlobals) = postSolution
		SolutionGuid = {EFEC253D-ADCA-4252-9047-678BABC968BC}
	EndGlobalSection
EndGlobal
